
Microsoft Visual Studio Solution File, Format Version 12.00
# Visual Studio 2013
VisualStudioVersion = 12.0.21005.1
MinimumVisualStudioVersion = 10.0.40219.1
Project("{FAE04EC0-301F-11D3-BF4B-00C04F79EFBC}") = "Dice", "..\Dice\Dice\Dice.csproj", "{1C019884-C261-45D8-A639-37F4864EE44D}"
EndProject
Project("{FAE04EC0-301F-11D3-BF4B-00C04F79EFBC}") = "GenericCharacterGenerator", "GenericCharacterGenerator\GenericCharacterGenerator.csproj", "{895AEA1C-A376-4B41-847F-2274B3383330}"
EndProject
Project("{FAE04EC0-301F-11D3-BF4B-00C04F79EFBC}") = "StarWarsRPG", "StarWarsRPG\StarWarsRPG.csproj", "{C54F208C-305D-4407-940A-D3991B375F6A}"
EndProject
Project("{FAE04EC0-301F-11D3-BF4B-00C04F79EFBC}") = "StarWarsClasses", "StarWarsClasses\StarWarsClasses.csproj", "{CEDD8079-C111-45F2-900B-478524CD57B3}"
EndProject
Project("{FAE04EC0-301F-11D3-BF4B-00C04F79EFBC}") = "SWRPG Class Unit Tests", "SWRPGClassUnitTests\SWRPG Class Unit Tests.csproj", "{F6BB1063-9265-45E0-8115-1192D0A43329}"
EndProject
Project("{6141683F-8A12-4E36-9623-2EB02B2C2303}") = "SWRPG Character Creator Setup", "SWRPG Character Creator Setup\SWRPG Character Creator Setup.isproj", "{E643353F-2E92-459F-9F7F-C680B4CB0EF0}"
EndProject
Project("{F14B399A-7131-4C87-9E4B-1186C45EF12D}") = "SWRPG_ReportProject", "SWRPG_ReportProject\SWRPG_ReportProject.rptproj", "{DEEFBF59-0357-4E07-A9D9-2E29FF53BD77}"
EndProject
Project("{FAE04EC0-301F-11D3-BF4B-00C04F79EFBC}") = "SWRPG Custom Windows Controls", "SWRPG Custom Windows Controls\SWRPG Custom Windows Controls.csproj", "{A7530FD6-6635-4B11-A224-9C1747CFE64C}"
EndProject
Project("{FAE04EC0-301F-11D3-BF4B-00C04F79EFBC}") = "SWRPG Custome Windows Controls Testing", "SWRPG Custome Windows Controls Testing\SWRPG Custome Windows Controls Testing.csproj", "{B7276E1F-6EBA-4952-B693-477153816F4B}"
EndProject
Global
	GlobalSection(SolutionConfigurationPlatforms) = preSolution
		CD_ROM|Any CPU = CD_ROM|Any CPU
		Debug|Any CPU = Debug|Any CPU
		DebugLocal|Any CPU = DebugLocal|Any CPU
		DVD-5|Any CPU = DVD-5|Any CPU
		Release|Any CPU = Release|Any CPU
		SingleImage|Any CPU = SingleImage|Any CPU
	EndGlobalSection
	GlobalSection(ProjectConfigurationPlatforms) = postSolution
		{1C019884-C261-45D8-A639-37F4864EE44D}.CD_ROM|Any CPU.ActiveCfg = Release|Any CPU
		{1C019884-C261-45D8-A639-37F4864EE44D}.CD_ROM|Any CPU.Build.0 = Release|Any CPU
		{1C019884-C261-45D8-A639-37F4864EE44D}.Debug|Any CPU.ActiveCfg = Debug|Any CPU
		{1C019884-C261-45D8-A639-37F4864EE44D}.Debug|Any CPU.Build.0 = Debug|Any CPU
		{1C019884-C261-45D8-A639-37F4864EE44D}.DebugLocal|Any CPU.ActiveCfg = Debug|Any CPU
		{1C019884-C261-45D8-A639-37F4864EE44D}.DebugLocal|Any CPU.Build.0 = Debug|Any CPU
		{1C019884-C261-45D8-A639-37F4864EE44D}.DVD-5|Any CPU.ActiveCfg = Debug|Any CPU
		{1C019884-C261-45D8-A639-37F4864EE44D}.DVD-5|Any CPU.Build.0 = Debug|Any CPU
		{1C019884-C261-45D8-A639-37F4864EE44D}.Release|Any CPU.ActiveCfg = Release|Any CPU
		{1C019884-C261-45D8-A639-37F4864EE44D}.Release|Any CPU.Build.0 = Release|Any CPU
		{1C019884-C261-45D8-A639-37F4864EE44D}.SingleImage|Any CPU.ActiveCfg = Release|Any CPU
		{1C019884-C261-45D8-A639-37F4864EE44D}.SingleImage|Any CPU.Build.0 = Release|Any CPU
		{895AEA1C-A376-4B41-847F-2274B3383330}.CD_ROM|Any CPU.ActiveCfg = Release|Any CPU
		{895AEA1C-A376-4B41-847F-2274B3383330}.CD_ROM|Any CPU.Build.0 = Release|Any CPU
		{895AEA1C-A376-4B41-847F-2274B3383330}.Debug|Any CPU.ActiveCfg = Debug|Any CPU
		{895AEA1C-A376-4B41-847F-2274B3383330}.Debug|Any CPU.Build.0 = Debug|Any CPU
		{895AEA1C-A376-4B41-847F-2274B3383330}.DebugLocal|Any CPU.ActiveCfg = Debug|Any CPU
		{895AEA1C-A376-4B41-847F-2274B3383330}.DebugLocal|Any CPU.Build.0 = Debug|Any CPU
		{895AEA1C-A376-4B41-847F-2274B3383330}.DVD-5|Any CPU.ActiveCfg = Debug|Any CPU
		{895AEA1C-A376-4B41-847F-2274B3383330}.DVD-5|Any CPU.Build.0 = Debug|Any CPU
		{895AEA1C-A376-4B41-847F-2274B3383330}.Release|Any CPU.ActiveCfg = Release|Any CPU
		{895AEA1C-A376-4B41-847F-2274B3383330}.Release|Any CPU.Build.0 = Release|Any CPU
		{895AEA1C-A376-4B41-847F-2274B3383330}.SingleImage|Any CPU.ActiveCfg = Release|Any CPU
		{895AEA1C-A376-4B41-847F-2274B3383330}.SingleImage|Any CPU.Build.0 = Release|Any CPU
		{C54F208C-305D-4407-940A-D3991B375F6A}.CD_ROM|Any CPU.ActiveCfg = Release|Any CPU
		{C54F208C-305D-4407-940A-D3991B375F6A}.CD_ROM|Any CPU.Build.0 = Release|Any CPU
		{C54F208C-305D-4407-940A-D3991B375F6A}.Debug|Any CPU.ActiveCfg = Debug|Any CPU
		{C54F208C-305D-4407-940A-D3991B375F6A}.Debug|Any CPU.Build.0 = Debug|Any CPU
		{C54F208C-305D-4407-940A-D3991B375F6A}.DebugLocal|Any CPU.ActiveCfg = Debug|Any CPU
		{C54F208C-305D-4407-940A-D3991B375F6A}.DebugLocal|Any CPU.Build.0 = Debug|Any CPU
		{C54F208C-305D-4407-940A-D3991B375F6A}.DVD-5|Any CPU.ActiveCfg = Debug|Any CPU
		{C54F208C-305D-4407-940A-D3991B375F6A}.DVD-5|Any CPU.Build.0 = Debug|Any CPU
		{C54F208C-305D-4407-940A-D3991B375F6A}.Release|Any CPU.ActiveCfg = Release|Any CPU
		{C54F208C-305D-4407-940A-D3991B375F6A}.Release|Any CPU.Build.0 = Release|Any CPU
		{C54F208C-305D-4407-940A-D3991B375F6A}.SingleImage|Any CPU.ActiveCfg = Release|Any CPU
		{C54F208C-305D-4407-940A-D3991B375F6A}.SingleImage|Any CPU.Build.0 = Release|Any CPU
		{CEDD8079-C111-45F2-900B-478524CD57B3}.CD_ROM|Any CPU.ActiveCfg = Release|Any CPU
		{CEDD8079-C111-45F2-900B-478524CD57B3}.CD_ROM|Any CPU.Build.0 = Release|Any CPU
		{CEDD8079-C111-45F2-900B-478524CD57B3}.Debug|Any CPU.ActiveCfg = Debug|Any CPU
		{CEDD8079-C111-45F2-900B-478524CD57B3}.Debug|Any CPU.Build.0 = Debug|Any CPU
		{CEDD8079-C111-45F2-900B-478524CD57B3}.DebugLocal|Any CPU.ActiveCfg = Debug|Any CPU
		{CEDD8079-C111-45F2-900B-478524CD57B3}.DebugLocal|Any CPU.Build.0 = Debug|Any CPU
		{CEDD8079-C111-45F2-900B-478524CD57B3}.DVD-5|Any CPU.ActiveCfg = Debug|Any CPU
		{CEDD8079-C111-45F2-900B-478524CD57B3}.DVD-5|Any CPU.Build.0 = Debug|Any CPU
		{CEDD8079-C111-45F2-900B-478524CD57B3}.Release|Any CPU.ActiveCfg = Release|Any CPU
		{CEDD8079-C111-45F2-900B-478524CD57B3}.Release|Any CPU.Build.0 = Release|Any CPU
		{CEDD8079-C111-45F2-900B-478524CD57B3}.SingleImage|Any CPU.ActiveCfg = Release|Any CPU
		{CEDD8079-C111-45F2-900B-478524CD57B3}.SingleImage|Any CPU.Build.0 = Release|Any CPU
		{F6BB1063-9265-45E0-8115-1192D0A43329}.CD_ROM|Any CPU.ActiveCfg = Release|Any CPU
		{F6BB1063-9265-45E0-8115-1192D0A43329}.CD_ROM|Any CPU.Build.0 = Release|Any CPU
		{F6BB1063-9265-45E0-8115-1192D0A43329}.Debug|Any CPU.ActiveCfg = Debug|Any CPU
		{F6BB1063-9265-45E0-8115-1192D0A43329}.Debug|Any CPU.Build.0 = Debug|Any CPU
		{F6BB1063-9265-45E0-8115-1192D0A43329}.DebugLocal|Any CPU.ActiveCfg = Debug|Any CPU
		{F6BB1063-9265-45E0-8115-1192D0A43329}.DebugLocal|Any CPU.Build.0 = Debug|Any CPU
		{F6BB1063-9265-45E0-8115-1192D0A43329}.DVD-5|Any CPU.ActiveCfg = Debug|Any CPU
		{F6BB1063-9265-45E0-8115-1192D0A43329}.DVD-5|Any CPU.Build.0 = Debug|Any CPU
		{F6BB1063-9265-45E0-8115-1192D0A43329}.Release|Any CPU.ActiveCfg = Release|Any CPU
		{F6BB1063-9265-45E0-8115-1192D0A43329}.Release|Any CPU.Build.0 = Release|Any CPU
		{F6BB1063-9265-45E0-8115-1192D0A43329}.SingleImage|Any CPU.ActiveCfg = Release|Any CPU
		{F6BB1063-9265-45E0-8115-1192D0A43329}.SingleImage|Any CPU.Build.0 = Release|Any CPU
		{E643353F-2E92-459F-9F7F-C680B4CB0EF0}.CD_ROM|Any CPU.ActiveCfg = CD_ROM
		{E643353F-2E92-459F-9F7F-C680B4CB0EF0}.CD_ROM|Any CPU.Build.0 = CD_ROM
		{E643353F-2E92-459F-9F7F-C680B4CB0EF0}.Debug|Any CPU.ActiveCfg = DVD-5
		{E643353F-2E92-459F-9F7F-C680B4CB0EF0}.DebugLocal|Any CPU.ActiveCfg = DVD-5
		{E643353F-2E92-459F-9F7F-C680B4CB0EF0}.DebugLocal|Any CPU.Build.0 = DVD-5
		{E643353F-2E92-459F-9F7F-C680B4CB0EF0}.DVD-5|Any CPU.ActiveCfg = DVD-5
		{E643353F-2E92-459F-9F7F-C680B4CB0EF0}.DVD-5|Any CPU.Build.0 = DVD-5
		{E643353F-2E92-459F-9F7F-C680B4CB0EF0}.Release|Any CPU.ActiveCfg = CD_ROM
		{E643353F-2E92-459F-9F7F-C680B4CB0EF0}.Release|Any CPU.Build.0 = CD_ROM
		{E643353F-2E92-459F-9F7F-C680B4CB0EF0}.SingleImage|Any CPU.ActiveCfg = SingleImage
		{E643353F-2E92-459F-9F7F-C680B4CB0EF0}.SingleImage|Any CPU.Build.0 = SingleImage
		{DEEFBF59-0357-4E07-A9D9-2E29FF53BD77}.CD_ROM|Any CPU.ActiveCfg = Release
		{DEEFBF59-0357-4E07-A9D9-2E29FF53BD77}.CD_ROM|Any CPU.Build.0 = Release
		{DEEFBF59-0357-4E07-A9D9-2E29FF53BD77}.CD_ROM|Any CPU.Deploy.0 = Release
		{DEEFBF59-0357-4E07-A9D9-2E29FF53BD77}.Debug|Any CPU.ActiveCfg = Debug
		{DEEFBF59-0357-4E07-A9D9-2E29FF53BD77}.Debug|Any CPU.Build.0 = Debug
		{DEEFBF59-0357-4E07-A9D9-2E29FF53BD77}.Debug|Any CPU.Deploy.0 = Debug
		{DEEFBF59-0357-4E07-A9D9-2E29FF53BD77}.DebugLocal|Any CPU.ActiveCfg = DebugLocal
		{DEEFBF59-0357-4E07-A9D9-2E29FF53BD77}.DebugLocal|Any CPU.Build.0 = DebugLocal
		{DEEFBF59-0357-4E07-A9D9-2E29FF53BD77}.DVD-5|Any CPU.ActiveCfg = DebugLocal
		{DEEFBF59-0357-4E07-A9D9-2E29FF53BD77}.DVD-5|Any CPU.Build.0 = DebugLocal
		{DEEFBF59-0357-4E07-A9D9-2E29FF53BD77}.Release|Any CPU.ActiveCfg = Release
		{DEEFBF59-0357-4E07-A9D9-2E29FF53BD77}.Release|Any CPU.Build.0 = Release
		{DEEFBF59-0357-4E07-A9D9-2E29FF53BD77}.Release|Any CPU.Deploy.0 = Release
		{DEEFBF59-0357-4E07-A9D9-2E29FF53BD77}.SingleImage|Any CPU.ActiveCfg = Release
		{DEEFBF59-0357-4E07-A9D9-2E29FF53BD77}.SingleImage|Any CPU.Build.0 = Release
		{DEEFBF59-0357-4E07-A9D9-2E29FF53BD77}.SingleImage|Any CPU.Deploy.0 = Release
		{A7530FD6-6635-4B11-A224-9C1747CFE64C}.CD_ROM|Any CPU.ActiveCfg = Release|Any CPU
		{A7530FD6-6635-4B11-A224-9C1747CFE64C}.CD_ROM|Any CPU.Build.0 = Release|Any CPU
		{A7530FD6-6635-4B11-A224-9C1747CFE64C}.Debug|Any CPU.ActiveCfg = Debug|Any CPU
		{A7530FD6-6635-4B11-A224-9C1747CFE64C}.Debug|Any CPU.Build.0 = Debug|Any CPU
		{A7530FD6-6635-4B11-A224-9C1747CFE64C}.DebugLocal|Any CPU.ActiveCfg = Debug|Any CPU
		{A7530FD6-6635-4B11-A224-9C1747CFE64C}.DebugLocal|Any CPU.Build.0 = Debug|Any CPU
		{A7530FD6-6635-4B11-A224-9C1747CFE64C}.DVD-5|Any CPU.ActiveCfg = Debug|Any CPU
		{A7530FD6-6635-4B11-A224-9C1747CFE64C}.DVD-5|Any CPU.Build.0 = Debug|Any CPU
		{A7530FD6-6635-4B11-A224-9C1747CFE64C}.Release|Any CPU.ActiveCfg = Release|Any CPU
		{A7530FD6-6635-4B11-A224-9C1747CFE64C}.Release|Any CPU.Build.0 = Release|Any CPU
		{A7530FD6-6635-4B11-A224-9C1747CFE64C}.SingleImage|Any CPU.ActiveCfg = Release|Any CPU
		{A7530FD6-6635-4B11-A224-9C1747CFE64C}.SingleImage|Any CPU.Build.0 = Release|Any CPU
		{B7276E1F-6EBA-4952-B693-477153816F4B}.CD_ROM|Any CPU.ActiveCfg = Release|Any CPU
		{B7276E1F-6EBA-4952-B693-477153816F4B}.CD_ROM|Any CPU.Build.0 = Release|Any CPU
		{B7276E1F-6EBA-4952-B693-477153816F4B}.Debug|Any CPU.ActiveCfg = Debug|Any CPU
		{B7276E1F-6EBA-4952-B693-477153816F4B}.Debug|Any CPU.Build.0 = Debug|Any CPU
		{B7276E1F-6EBA-4952-B693-477153816F4B}.DebugLocal|Any CPU.ActiveCfg = Debug|Any CPU
		{B7276E1F-6EBA-4952-B693-477153816F4B}.DebugLocal|Any CPU.Build.0 = Debug|Any CPU
		{B7276E1F-6EBA-4952-B693-477153816F4B}.DVD-5|Any CPU.ActiveCfg = Debug|Any CPU
		{B7276E1F-6EBA-4952-B693-477153816F4B}.DVD-5|Any CPU.Build.0 = Debug|Any CPU
		{B7276E1F-6EBA-4952-B693-477153816F4B}.Release|Any CPU.ActiveCfg = Release|Any CPU
		{B7276E1F-6EBA-4952-B693-477153816F4B}.Release|Any CPU.Build.0 = Release|Any CPU
		{B7276E1F-6EBA-4952-B693-477153816F4B}.SingleImage|Any CPU.ActiveCfg = Release|Any CPU
		{B7276E1F-6EBA-4952-B693-477153816F4B}.SingleImage|Any CPU.Build.0 = Release|Any CPU
	EndGlobalSection
	GlobalSection(SolutionProperties) = preSolution
		HideSolutionNode = FALSE
	EndGlobalSection
EndGlobal
